
Microsoft Visual Studio Solution File, Format Version 12.00
# Visual Studio Version 17
VisualStudioVersion = 17.11.35327.3
MinimumVisualStudioVersion = 10.0.40219.1
Project("{00D1A9C2-B5F0-4AF3-8072-F6C62B433612}") = "NFL-SQL-Schema", "NFL-SQL-Schema\NFL-SQL-Schema.sqlproj", "{BE8FC329-ADC3-4ECB-9CA8-F76C06D80F87}"
EndProject
Project("{C9674DCB-5085-4A16-B785-4C70DD1589BD}") = "Integration Services", "Integration Services\Integration Services.dtproj", "{AFED3862-DE4C-4855-A90B-F3015F2F59D9}"
EndProject
Global
	GlobalSection(SolutionConfigurationPlatforms) = preSolution
		Debug|Any CPU = Debug|Any CPU
		Development|Any CPU = Development|Any CPU
		Release|Any CPU = Release|Any CPU
	EndGlobalSection
	GlobalSection(ProjectConfigurationPlatforms) = postSolution
		{BE8FC329-ADC3-4ECB-9CA8-F76C06D80F87}.Debug|Any CPU.ActiveCfg = Debug|Any CPU
		{BE8FC329-ADC3-4ECB-9CA8-F76C06D80F87}.Debug|Any CPU.Build.0 = Debug|Any CPU
		{BE8FC329-ADC3-4ECB-9CA8-F76C06D80F87}.Debug|Any CPU.Deploy.0 = Debug|Any CPU
		{BE8FC329-ADC3-4ECB-9CA8-F76C06D80F87}.Development|Any CPU.ActiveCfg = Debug|Any CPU
		{BE8FC329-ADC3-4ECB-9CA8-F76C06D80F87}.Development|Any CPU.Build.0 = Debug|Any CPU
		{BE8FC329-ADC3-4ECB-9CA8-F76C06D80F87}.Development|Any CPU.Deploy.0 = Debug|Any CPU
		{BE8FC329-ADC3-4ECB-9CA8-F76C06D80F87}.Release|Any CPU.ActiveCfg = Release|Any CPU
		{BE8FC329-ADC3-4ECB-9CA8-F76C06D80F87}.Release|Any CPU.Build.0 = Release|Any CPU
		{BE8FC329-ADC3-4ECB-9CA8-F76C06D80F87}.Release|Any CPU.Deploy.0 = Release|Any CPU
		{AFED3862-DE4C-4855-A90B-F3015F2F59D9}.Debug|Any CPU.ActiveCfg = Development
		{AFED3862-DE4C-4855-A90B-F3015F2F59D9}.Debug|Any CPU.Build.0 = Development
		{AFED3862-DE4C-4855-A90B-F3015F2F59D9}.Development|Any CPU.ActiveCfg = Development
		{AFED3862-DE4C-4855-A90B-F3015F2F59D9}.Development|Any CPU.Build.0 = Development
		{AFED3862-DE4C-4855-A90B-F3015F2F59D9}.Release|Any CPU.ActiveCfg = Development
		{AFED3862-DE4C-4855-A90B-F3015F2F59D9}.Release|Any CPU.Build.0 = Development
	EndGlobalSection
	GlobalSection(SolutionProperties) = preSolution
		HideSolutionNode = FALSE
	EndGlobalSection
	GlobalSection(ExtensibilityGlobals) = postSolution
		SolutionGuid = {3BAA2B86-D607-4F52-B68B-056B30EEC852}
	EndGlobalSection
EndGlobal
